
Microsoft Visual Studio Solution File, Format Version 12.00
# Visual Studio Version 16
VisualStudioVersion = 16.0.32106.194
MinimumVisualStudioVersion = 10.0.40219.1
Project("{FAE04EC0-301F-11D3-BF4B-00C04F79EFBC}") = "MatchGame", "MatchGame.csproj", "{016161AF-8509-47F8-8D67-397A0E4543EB}"
EndProject
Global
	GlobalSection(SolutionConfigurationPlatforms) = preSolution
		Debug|Any CPU = Debug|Any CPU
		Release|Any CPU = Release|Any CPU
	EndGlobalSection
	GlobalSection(ProjectConfigurationPlatforms) = postSolution
		{016161AF-8509-47F8-8D67-397A0E4543EB}.Debug|Any CPU.ActiveCfg = Debug|Any CPU
		{016161AF-8509-47F8-8D67-397A0E4543EB}.Debug|Any CPU.Build.0 = Debug|Any CPU
		{016161AF-8509-47F8-8D67-397A0E4543EB}.Release|Any CPU.ActiveCfg = Release|Any CPU
		{016161AF-8509-47F8-8D67-397A0E4543EB}.Release|Any CPU.Build.0 = Release|Any CPU
	EndGlobalSection
	GlobalSection(SolutionProperties) = preSolution
		HideSolutionNode = FALSE
	EndGlobalSection
	GlobalSection(ExtensibilityGlobals) = postSolution
		SolutionGuid = {75CED557-7B3B-4321-BE83-CC9FC8A7B0D0}
	EndGlobalSection
EndGlobal
